
Microsoft Visual Studio Solution File, Format Version 12.00
# Visual Studio Version 16
VisualStudioVersion = 16.0.28803.202
MinimumVisualStudioVersion = 10.0.40219.1
Project("{FAE04EC0-301F-11D3-BF4B-00C04F79EFBC}") = "poid", "poid.csproj", "{7CEDC4A7-F32B-47B4-94F4-33F744BA2ECE}"
EndProject
Global
	GlobalSection(SolutionConfigurationPlatforms) = preSolution
		Debug|Any CPU = Debug|Any CPU
		Release|Any CPU = Release|Any CPU
	EndGlobalSection
	GlobalSection(ProjectConfigurationPlatforms) = postSolution
		{7CEDC4A7-F32B-47B4-94F4-33F744BA2ECE}.Debug|Any CPU.ActiveCfg = Debug|Any CPU
		{7CEDC4A7-F32B-47B4-94F4-33F744BA2ECE}.Debug|Any CPU.Build.0 = Debug|Any CPU
		{7CEDC4A7-F32B-47B4-94F4-33F744BA2ECE}.Release|Any CPU.ActiveCfg = Release|Any CPU
		{7CEDC4A7-F32B-47B4-94F4-33F744BA2ECE}.Release|Any CPU.Build.0 = Release|Any CPU
	EndGlobalSection
	GlobalSection(SolutionProperties) = preSolution
		HideSolutionNode = FALSE
	EndGlobalSection
	GlobalSection(ExtensibilityGlobals) = postSolution
		SolutionGuid = {C856E0F9-0171-4A63-A8E6-9E54F743A7D7}
	EndGlobalSection
EndGlobal
